
Microsoft Visual Studio Solution File, Format Version 12.00
# Visual Studio 15
VisualStudioVersion = 15.0.28010.2003
MinimumVisualStudioVersion = 10.0.40219.1
Project("{9A19103F-16F7-4668-BE54-9A1E7A4F7556}") = "Valley.Net.Bindings", "Valley.Net.Bindings\Valley.Net.Bindings.csproj", "{800DAF40-8475-4290-AAFE-AC4FE625C89B}"
EndProject
Project("{FAE04EC0-301F-11D3-BF4B-00C04F79EFBC}") = "Valley.Net.Bindings.Test", "Valley.Net.Bindings.Test\Valley.Net.Bindings.Test.csproj", "{C6495C30-6F31-4622-A4F9-CE9AB6497DE7}"
EndProject
Global
	GlobalSection(SolutionConfigurationPlatforms) = preSolution
		Debug|Any CPU = Debug|Any CPU
		Release|Any CPU = Release|Any CPU
	EndGlobalSection
	GlobalSection(ProjectConfigurationPlatforms) = postSolution
		{800DAF40-8475-4290-AAFE-AC4FE625C89B}.Debug|Any CPU.ActiveCfg = Debug|Any CPU
		{800DAF40-8475-4290-AAFE-AC4FE625C89B}.Debug|Any CPU.Build.0 = Debug|Any CPU
		{800DAF40-8475-4290-AAFE-AC4FE625C89B}.Release|Any CPU.ActiveCfg = Release|Any CPU
		{800DAF40-8475-4290-AAFE-AC4FE625C89B}.Release|Any CPU.Build.0 = Release|Any CPU
		{C6495C30-6F31-4622-A4F9-CE9AB6497DE7}.Debug|Any CPU.ActiveCfg = Debug|Any CPU
		{C6495C30-6F31-4622-A4F9-CE9AB6497DE7}.Debug|Any CPU.Build.0 = Debug|Any CPU
		{C6495C30-6F31-4622-A4F9-CE9AB6497DE7}.Release|Any CPU.ActiveCfg = Release|Any CPU
		{C6495C30-6F31-4622-A4F9-CE9AB6497DE7}.Release|Any CPU.Build.0 = Release|Any CPU
	EndGlobalSection
	GlobalSection(SolutionProperties) = preSolution
		HideSolutionNode = FALSE
	EndGlobalSection
	GlobalSection(ExtensibilityGlobals) = postSolution
		SolutionGuid = {5F4EBE3A-007A-43D5-A09E-79F2FD4680C3}
	EndGlobalSection
EndGlobal
